{
  "version": 4,
  "terraform_version": "1.6.6",
  "serial": 44,
  "lineage": "a46f63ca-3ab2-b0cc-dce7-1e49b6e23f54",
  "outputs": {
    "hello_base_url": {
      "value": "https://vl01c9gt7i.execute-api.us-east-1.amazonaws.com/dev/echo",
      "type": "string"
    },
    "vpc": {
      "value": "vpc-01b702edb5051d41e",
      "type": "string"
    }
  },
  "resources": [
    {
      "mode": "managed",
      "type": "aws_apigatewayv2_api",
      "name": "main",
      "provider": "provider[\"registry.terraform.io/hashicorp/aws\"]",
      "instances": [
        {
          "schema_version": 0,
          "attributes": {
            "api_endpoint": "https://vl01c9gt7i.execute-api.us-east-1.amazonaws.com",
            "api_key_selection_expression": "$request.header.x-api-key",
            "arn": "arn:aws:apigateway:us-east-1::/apis/vl01c9gt7i",
            "body": null,
            "cors_configuration": [],
            "credentials_arn": null,
            "description": "",
            "disable_execute_api_endpoint": false,
            "execution_arn": "arn:aws:execute-api:us-east-1:975351939056:vl01c9gt7i",
            "fail_on_warnings": null,
            "id": "vl01c9gt7i",
            "name": "main",
            "protocol_type": "HTTP",
            "route_key": null,
            "route_selection_expression": "$request.method $request.path",
            "tags": null,
            "tags_all": {},
            "target": null,
            "version": ""
          },
          "sensitive_attributes": [],
          "private": "bnVsbA=="
        }
      ]
    },
    {
      "mode": "managed",
      "type": "aws_apigatewayv2_integration",
      "name": "eks",
      "provider": "provider[\"registry.terraform.io/hashicorp/aws\"]",
      "instances": [
        {
          "schema_version": 0,
          "attributes": {
            "api_id": "vl01c9gt7i",
            "connection_id": "gn4ket",
            "connection_type": "VPC_LINK",
            "content_handling_strategy": "",
            "credentials_arn": "",
            "description": "",
            "id": "8zy6id5",
            "integration_method": "ANY",
            "integration_response_selection_expression": "",
            "integration_subtype": "",
            "integration_type": "HTTP_PROXY",
            "integration_uri": "arn:aws:elasticloadbalancing:us-east-1:975351939056:listener/net/aeec54bf4874f4ee2bab0e02bb7a8d20/a26d393e89b963d0/9720f6bba0dacbb4",
            "passthrough_behavior": "",
            "payload_format_version": "1.0",
            "request_parameters": null,
            "request_templates": null,
            "response_parameters": [],
            "template_selection_expression": "",
            "timeout_milliseconds": 30000,
            "tls_config": []
          },
          "sensitive_attributes": [],
          "private": "bnVsbA==",
          "dependencies": [
            "aws_apigatewayv2_api.main",
            "aws_apigatewayv2_vpc_link.eks",
            "aws_security_group.vpc_link",
            "aws_subnet.private-dev-1a",
            "aws_subnet.private-dev-1b",
            "aws_vpc.dev"
          ]
        }
      ]
    },
    {
      "mode": "managed",
      "type": "aws_apigatewayv2_route",
      "name": "get_echo",
      "provider": "provider[\"registry.terraform.io/hashicorp/aws\"]",
      "instances": [
        {
          "schema_version": 0,
          "attributes": {
            "api_id": "vl01c9gt7i",
            "api_key_required": false,
            "authorization_scopes": null,
            "authorization_type": "NONE",
            "authorizer_id": "",
            "id": "4hvetzl",
            "model_selection_expression": "",
            "operation_name": "",
            "request_models": null,
            "request_parameter": [],
            "route_key": "GET /echo",
            "route_response_selection_expression": "",
            "target": "integrations/8zy6id5"
          },
          "sensitive_attributes": [],
          "private": "bnVsbA==",
          "dependencies": [
            "aws_apigatewayv2_api.main",
            "aws_apigatewayv2_integration.eks",
            "aws_apigatewayv2_vpc_link.eks",
            "aws_security_group.vpc_link",
            "aws_subnet.private-dev-1a",
            "aws_subnet.private-dev-1b",
            "aws_vpc.dev"
          ]
        }
      ]
    },
    {
      "mode": "managed",
      "type": "aws_apigatewayv2_stage",
      "name": "dev",
      "provider": "provider[\"registry.terraform.io/hashicorp/aws\"]",
      "instances": [
        {
          "schema_version": 0,
          "attributes": {
            "access_log_settings": [],
            "api_id": "vl01c9gt7i",
            "arn": "arn:aws:apigateway:us-east-1::/apis/vl01c9gt7i/stages/dev",
            "auto_deploy": true,
            "client_certificate_id": "",
            "default_route_settings": [
              {
                "data_trace_enabled": false,
                "detailed_metrics_enabled": false,
                "logging_level": "",
                "throttling_burst_limit": 0,
                "throttling_rate_limit": 0
              }
            ],
            "deployment_id": "",
            "description": "",
            "execution_arn": "arn:aws:execute-api:us-east-1:975351939056:vl01c9gt7i/dev",
            "id": "dev",
            "invoke_url": "https://vl01c9gt7i.execute-api.us-east-1.amazonaws.com/dev",
            "name": "dev",
            "route_settings": [],
            "stage_variables": null,
            "tags": null,
            "tags_all": {}
          },
          "sensitive_attributes": [],
          "private": "bnVsbA==",
          "dependencies": [
            "aws_apigatewayv2_api.main"
          ]
        }
      ]
    },
    {
      "mode": "managed",
      "type": "aws_apigatewayv2_vpc_link",
      "name": "eks",
      "provider": "provider[\"registry.terraform.io/hashicorp/aws\"]",
      "instances": [
        {
          "schema_version": 0,
          "attributes": {
            "arn": "arn:aws:apigateway:us-east-1::/vpclinks/gn4ket",
            "id": "gn4ket",
            "name": "eks",
            "security_group_ids": [
              "sg-015ee151f6b2a3df0"
            ],
            "subnet_ids": [
              "subnet-072f8f42690eee285",
              "subnet-08c45ab4395b087cd"
            ],
            "tags": null,
            "tags_all": {}
          },
          "sensitive_attributes": [],
          "private": "bnVsbA==",
          "dependencies": [
            "aws_security_group.vpc_link",
            "aws_subnet.private-dev-1a",
            "aws_subnet.private-dev-1b",
            "aws_vpc.dev"
          ]
        }
      ]
    },
    {
      "mode": "managed",
      "type": "aws_eip",
      "name": "nat-dev",
      "provider": "provider[\"registry.terraform.io/hashicorp/aws\"]",
      "instances": [
        {
          "schema_version": 0,
          "attributes": {
            "address": null,
            "allocation_id": "eipalloc-0fb2b82f92c3bd675",
            "associate_with_private_ip": null,
            "association_id": "eipassoc-0ddd351579cda0ce3",
            "carrier_ip": "",
            "customer_owned_ip": "",
            "customer_owned_ipv4_pool": "",
            "domain": "vpc",
            "id": "eipalloc-0fb2b82f92c3bd675",
            "instance": "",
            "network_border_group": "us-east-1",
            "network_interface": "eni-0ebb29b341d7a821e",
            "private_dns": "ip-19-1-10-73.ec2.internal",
            "private_ip": "19.1.10.73",
            "public_dns": "ec2-54-235-131-176.compute-1.amazonaws.com",
            "public_ip": "54.235.131.176",
            "public_ipv4_pool": "amazon",
            "tags": {
              "Name": "nat"
            },
            "tags_all": {
              "Name": "nat"
            },
            "timeouts": null,
            "vpc": true
          },
          "sensitive_attributes": [],
          "private": "eyJlMmJmYjczMC1lY2FhLTExZTYtOGY4OC0zNDM2M2JjN2M0YzAiOnsiZGVsZXRlIjoxODAwMDAwMDAwMDAsInJlYWQiOjkwMDAwMDAwMDAwMCwidXBkYXRlIjozMDAwMDAwMDAwMDB9fQ=="
        }
      ]
    },
    {
      "mode": "managed",
      "type": "aws_eip",
      "name": "nat-shared",
      "provider": "provider[\"registry.terraform.io/hashicorp/aws\"]",
      "instances": [
        {
          "schema_version": 0,
          "attributes": {
            "address": null,
            "allocation_id": "eipalloc-0675c7671fbde6bf9",
            "associate_with_private_ip": null,
            "association_id": "eipassoc-06ef77e93f9a68dfb",
            "carrier_ip": "",
            "customer_owned_ip": "",
            "customer_owned_ipv4_pool": "",
            "domain": "vpc",
            "id": "eipalloc-0675c7671fbde6bf9",
            "instance": "",
            "network_border_group": "us-east-1",
            "network_interface": "eni-002f743ad51b0be02",
            "private_dns": "ip-19-0-2-133.ec2.internal",
            "private_ip": "19.0.2.133",
            "public_dns": "ec2-52-44-89-204.compute-1.amazonaws.com",
            "public_ip": "52.44.89.204",
            "public_ipv4_pool": "amazon",
            "tags": {
              "Name": "nat-shared"
            },
            "tags_all": {
              "Name": "nat-shared"
            },
            "timeouts": null,
            "vpc": true
          },
          "sensitive_attributes": [],
          "private": "eyJlMmJmYjczMC1lY2FhLTExZTYtOGY4OC0zNDM2M2JjN2M0YzAiOnsiZGVsZXRlIjoxODAwMDAwMDAwMDAsInJlYWQiOjkwMDAwMDAwMDAwMCwidXBkYXRlIjozMDAwMDAwMDAwMDB9fQ=="
        }
      ]
    },
    {
      "mode": "managed",
      "type": "aws_eks_cluster",
      "name": "cluster",
      "provider": "provider[\"registry.terraform.io/hashicorp/aws\"]",
      "instances": [
        {
          "schema_version": 0,
          "attributes": {
            "arn": "arn:aws:eks:us-east-1:975351939056:cluster/demo",
            "certificate_authority": [
              {
                "data": "LS0tLS1CRUdJTiBDRVJUSUZJQ0FURS0tLS0tCk1JSURCVENDQWUyZ0F3SUJBZ0lJZWhrbDJJSlNSNmN3RFFZSktvWklodmNOQVFFTEJRQXdGVEVUTUJFR0ExVUUKQXhNS2EzVmlaWEp1WlhSbGN6QWVGdzB5TkRBME1ERXdNalU0TWpSYUZ3MHpOREF6TXpBd016QXpNalJhTUJVeApFekFSQmdOVkJBTVRDbXQxWW1WeWJtVjBaWE13Z2dFaU1BMEdDU3FHU0liM0RRRUJBUVVBQTRJQkR3QXdnZ0VLCkFvSUJBUUM1eEcrb3dBWTFFTmJJUXhnU0x6SlpONWttbm5TQzU3TjV1bVRMcUpwSHN3TGR3UW04UjM1dDFUc3MKZGhTUXdDL0FEK3VkQ2phWThwemxYbjdCVy9tMWNzR2xoS05iMzRleHpsMHErUGhoSEdyMmlaMTh0V3FVNEhPcgo1cUxiRHIxVmVKR3F4Y3JXbzBsUUJ1dzg2TVNXMDlwVEtMUlNVU0hlWDRQTUpDRk9VUTAyMDY1SUE5NUt3WldGClRmczh3aWVQU0UxK3Bhci9jQ3h5UlhYbEJ3V3VJWnVQMElrdU9qUXVOTTdSSW1JNHBMTm9kRGE2RDFrNnFub2sKZmY2STJvVTNxOFFyNUx2RWUxYjBBM2piY0t0eXVNVWhkdXNiVkhvc1BoQng0eEE5RU9iQjlpa3hhYkZCQXprVApPNUQxM0hwbm5QenR4TitIaSttQzNjeWRtb0NiQWdNQkFBR2pXVEJYTUE0R0ExVWREd0VCL3dRRUF3SUNwREFQCkJnTlZIUk1CQWY4RUJUQURBUUgvTUIwR0ExVWREZ1FXQkJUVnF0a2l1blViUjB1L3FoVW1DWHpZV2JBb0hqQVYKQmdOVkhSRUVEakFNZ2dwcmRXSmxjbTVsZEdWek1BMEdDU3FHU0liM0RRRUJDd1VBQTRJQkFRQjBKekdqT0tySAp0UVQ0ZDNIejFPMW1oS1NzV2d2OFNTbDVSU0ZzRkpCeEVLczk3bDhmOVlEcitrYWozcGN1WmVzWUVYczhnMlVuCnV2QktRR2VycXE2TmlWRzVQTU80MXc2aWE4Qm5TdHQrYjBVTW5ZL20wOG52OTlmT1VXekFrY1BWZFNkZ1VHNGYKTTk2WmdsdVVSNHFSNFcxakxucnJmUEI3T2FheVh1TmY1TzlRejVQWmJWSVNDVDNoM2p1am5qdXNRY3pCeEYzNgpER0swaFNnVWJCdEhpMG1pUHZtZWswUGNkd0wyZGxUc1prN1dmdVRlWHN1eHM4M2FzTytsQXBYVlZCMURZcGhhClhLZkZ6WXpzY1J2U0VtdXlLblRmbUU2S2wxOCtaQkFTTTl6UC82SkZ1cnRZbFVROCtJT1h0SHAwbWhKUjIzbkwKQ1B1ejVIcXNLS2dnCi0tLS0tRU5EIENFUlRJRklDQVRFLS0tLS0K"
              }
            ],
            "cluster_id": null,
            "created_at": "2024-04-01 02:58:26.075 +0000 UTC",
            "enabled_cluster_log_types": [],
            "encryption_config": [],
            "endpoint": "https://3B07875811AFE39AB412C82A51D5771C.gr7.us-east-1.eks.amazonaws.com",
            "id": "demo",
            "identity": [
              {
                "oidc": [
                  {
                    "issuer": "https://oidc.eks.us-east-1.amazonaws.com/id/3B07875811AFE39AB412C82A51D5771C"
                  }
                ]
              }
            ],
            "kubernetes_network_config": [
              {
                "ip_family": "ipv4",
                "service_ipv4_cidr": "10.100.0.0/16",
                "service_ipv6_cidr": ""
              }
            ],
            "name": "demo",
            "outpost_config": [],
            "platform_version": "eks.5",
            "role_arn": "arn:aws:iam::975351939056:role/eks-cluster-demo",
            "status": "ACTIVE",
            "tags": {},
            "tags_all": {},
            "timeouts": null,
            "version": "1.29",
            "vpc_config": [
              {
                "cluster_security_group_id": "sg-0ff4653aa222fb532",
                "endpoint_private_access": false,
                "endpoint_public_access": true,
                "public_access_cidrs": [
                  "0.0.0.0/0"
                ],
                "security_group_ids": [],
                "subnet_ids": [
                  "subnet-03512aa40b704e5a9",
                  "subnet-072f8f42690eee285",
                  "subnet-08c45ab4395b087cd",
                  "subnet-0c7e4baa224c86dba"
                ],
                "vpc_id": "vpc-01b702edb5051d41e"
              }
            ]
          },
          "sensitive_attributes": [],
          "private": "eyJlMmJmYjczMC1lY2FhLTExZTYtOGY4OC0zNDM2M2JjN2M0YzAiOnsiY3JlYXRlIjoxODAwMDAwMDAwMDAwLCJkZWxldGUiOjkwMDAwMDAwMDAwMCwidXBkYXRlIjozNjAwMDAwMDAwMDAwfX0=",
          "dependencies": [
            "aws_iam_role.eks-cluster",
            "aws_iam_role_policy_attachment.amazon-eks-cluster-policy",
            "aws_subnet.private-dev-1a",
            "aws_subnet.private-dev-1b",
            "aws_subnet.public-dev-1a",
            "aws_subnet.public-dev-1b",
            "aws_vpc.dev"
          ]
        }
      ]
    },
    {
      "mode": "managed",
      "type": "aws_eks_node_group",
      "name": "private-nodes",
      "provider": "provider[\"registry.terraform.io/hashicorp/aws\"]",
      "instances": [
        {
          "schema_version": 0,
          "attributes": {
            "ami_type": "AL2_x86_64",
            "arn": "arn:aws:eks:us-east-1:975351939056:nodegroup/demo/private-nodes/9cc74bcf-cc4e-a671-9e85-82bb421ae273",
            "capacity_type": "ON_DEMAND",
            "cluster_name": "demo",
            "disk_size": 20,
            "force_update_version": null,
            "id": "demo:private-nodes",
            "instance_types": [
              "t3.small"
            ],
            "labels": {
              "role": "general"
            },
            "launch_template": [],
            "node_group_name": "private-nodes",
            "node_group_name_prefix": "",
            "node_role_arn": "arn:aws:iam::975351939056:role/eks-node-group-nodes",
            "release_version": "1.29.0-20240315",
            "remote_access": [],
            "resources": [
              {
                "autoscaling_groups": [
                  {
                    "name": "eks-private-nodes-9cc74bcf-cc4e-a671-9e85-82bb421ae273"
                  }
                ],
                "remote_access_security_group_id": ""
              }
            ],
            "scaling_config": [
              {
                "desired_size": 1,
                "max_size": 5,
                "min_size": 0
              }
            ],
            "status": "ACTIVE",
            "subnet_ids": [
              "subnet-072f8f42690eee285",
              "subnet-08c45ab4395b087cd"
            ],
            "tags": {},
            "tags_all": {},
            "taint": [],
            "timeouts": null,
            "update_config": [
              {
                "max_unavailable": 1,
                "max_unavailable_percentage": 0
              }
            ],
            "version": "1.29"
          },
          "sensitive_attributes": [],
          "private": "eyJlMmJmYjczMC1lY2FhLTExZTYtOGY4OC0zNDM2M2JjN2M0YzAiOnsiY3JlYXRlIjozNjAwMDAwMDAwMDAwLCJkZWxldGUiOjM2MDAwMDAwMDAwMDAsInVwZGF0ZSI6MzYwMDAwMDAwMDAwMH19",
          "dependencies": [
            "aws_eks_cluster.cluster",
            "aws_iam_role.eks-cluster",
            "aws_iam_role.nodes",
            "aws_iam_role_policy_attachment.amazon-ec2-container-registry-read-only",
            "aws_iam_role_policy_attachment.amazon-eks-cluster-policy",
            "aws_iam_role_policy_attachment.amazon-eks-cni-policy",
            "aws_iam_role_policy_attachment.amazon-eks-worker-node-policy",
            "aws_subnet.private-dev-1a",
            "aws_subnet.private-dev-1b",
            "aws_subnet.public-dev-1a",
            "aws_subnet.public-dev-1b",
            "aws_vpc.dev"
          ]
        }
      ]
    },
    {
      "mode": "managed",
      "type": "aws_iam_role",
      "name": "eks-cluster",
      "provider": "provider[\"registry.terraform.io/hashicorp/aws\"]",
      "instances": [
        {
          "schema_version": 0,
          "attributes": {
            "arn": "arn:aws:iam::975351939056:role/eks-cluster-demo",
            "assume_role_policy": "{\"Statement\":[{\"Action\":\"sts:AssumeRole\",\"Effect\":\"Allow\",\"Principal\":{\"Service\":\"eks.amazonaws.com\"}}],\"Version\":\"2012-10-17\"}",
            "create_date": "2024-04-01T02:58:21Z",
            "description": "",
            "force_detach_policies": false,
            "id": "eks-cluster-demo",
            "inline_policy": [],
            "managed_policy_arns": [
              "arn:aws:iam::aws:policy/AmazonEKSClusterPolicy"
            ],
            "max_session_duration": 3600,
            "name": "eks-cluster-demo",
            "name_prefix": "",
            "path": "/",
            "permissions_boundary": null,
            "role_last_used": [
              {
                "last_used_date": "2024-04-01T03:08:19Z",
                "region": "us-east-1"
              }
            ],
            "tags": {},
            "tags_all": {},
            "unique_id": "AROA6GF4BP7YPV7RI6PON"
          },
          "sensitive_attributes": [],
          "private": "bnVsbA=="
        }
      ]
    },
    {
      "mode": "managed",
      "type": "aws_iam_role",
      "name": "nodes",
      "provider": "provider[\"registry.terraform.io/hashicorp/aws\"]",
      "instances": [
        {
          "schema_version": 0,
          "attributes": {
            "arn": "arn:aws:iam::975351939056:role/eks-node-group-nodes",
            "assume_role_policy": "{\"Statement\":[{\"Action\":\"sts:AssumeRole\",\"Effect\":\"Allow\",\"Principal\":{\"Service\":\"ec2.amazonaws.com\"}}],\"Version\":\"2012-10-17\"}",
            "create_date": "2024-04-01T02:58:21Z",
            "description": "",
            "force_detach_policies": false,
            "id": "eks-node-group-nodes",
            "inline_policy": [],
            "managed_policy_arns": [
              "arn:aws:iam::aws:policy/AmazonEC2ContainerRegistryReadOnly",
              "arn:aws:iam::aws:policy/AmazonEKSWorkerNodePolicy",
              "arn:aws:iam::aws:policy/AmazonEKS_CNI_Policy"
            ],
            "max_session_duration": 3600,
            "name": "eks-node-group-nodes",
            "name_prefix": "",
            "path": "/",
            "permissions_boundary": null,
            "role_last_used": [
              {
                "last_used_date": "2024-04-01T03:08:21Z",
                "region": "us-east-1"
              }
            ],
            "tags": {},
            "tags_all": {},
            "unique_id": "AROA6GF4BP7YKKNJD2G7T"
          },
          "sensitive_attributes": [],
          "private": "bnVsbA=="
        }
      ]
    },
    {
      "mode": "managed",
      "type": "aws_iam_role_policy_attachment",
      "name": "amazon-ec2-container-registry-read-only",
      "provider": "provider[\"registry.terraform.io/hashicorp/aws\"]",
      "instances": [
        {
          "schema_version": 0,
          "attributes": {
            "id": "eks-node-group-nodes-20240401025823596500000004",
            "policy_arn": "arn:aws:iam::aws:policy/AmazonEC2ContainerRegistryReadOnly",
            "role": "eks-node-group-nodes"
          },
          "sensitive_attributes": [],
          "private": "bnVsbA==",
          "dependencies": [
            "aws_iam_role.nodes"
          ]
        }
      ]
    },
    {
      "mode": "managed",
      "type": "aws_iam_role_policy_attachment",
      "name": "amazon-eks-cluster-policy",
      "provider": "provider[\"registry.terraform.io/hashicorp/aws\"]",
      "instances": [
        {
          "schema_version": 0,
          "attributes": {
            "id": "eks-cluster-demo-20240401025823108300000001",
            "policy_arn": "arn:aws:iam::aws:policy/AmazonEKSClusterPolicy",
            "role": "eks-cluster-demo"
          },
          "sensitive_attributes": [],
          "private": "bnVsbA==",
          "dependencies": [
            "aws_iam_role.eks-cluster"
          ]
        }
      ]
    },
    {
      "mode": "managed",
      "type": "aws_iam_role_policy_attachment",
      "name": "amazon-eks-cni-policy",
      "provider": "provider[\"registry.terraform.io/hashicorp/aws\"]",
      "instances": [
        {
          "schema_version": 0,
          "attributes": {
            "id": "eks-node-group-nodes-20240401025823262300000002",
            "policy_arn": "arn:aws:iam::aws:policy/AmazonEKS_CNI_Policy",
            "role": "eks-node-group-nodes"
          },
          "sensitive_attributes": [],
          "private": "bnVsbA==",
          "dependencies": [
            "aws_iam_role.nodes"
          ]
        }
      ]
    },
    {
      "mode": "managed",
      "type": "aws_iam_role_policy_attachment",
      "name": "amazon-eks-worker-node-policy",
      "provider": "provider[\"registry.terraform.io/hashicorp/aws\"]",
      "instances": [
        {
          "schema_version": 0,
          "attributes": {
            "id": "eks-node-group-nodes-20240401025823430500000003",
            "policy_arn": "arn:aws:iam::aws:policy/AmazonEKSWorkerNodePolicy",
            "role": "eks-node-group-nodes"
          },
          "sensitive_attributes": [],
          "private": "bnVsbA==",
          "dependencies": [
            "aws_iam_role.nodes"
          ]
        }
      ]
    },
    {
      "mode": "managed",
      "type": "aws_internet_gateway",
      "name": "igw-dev",
      "provider": "provider[\"registry.terraform.io/hashicorp/aws\"]",
      "instances": [
        {
          "schema_version": 0,
          "attributes": {
            "arn": "arn:aws:ec2:us-east-1:975351939056:internet-gateway/igw-04c525ee3b2cba3cb",
            "id": "igw-04c525ee3b2cba3cb",
            "owner_id": "975351939056",
            "tags": {
              "Name": "dev"
            },
            "tags_all": {
              "Name": "dev"
            },
            "timeouts": null,
            "vpc_id": "vpc-01b702edb5051d41e"
          },
          "sensitive_attributes": [],
          "private": "eyJlMmJmYjczMC1lY2FhLTExZTYtOGY4OC0zNDM2M2JjN2M0YzAiOnsiY3JlYXRlIjoxMjAwMDAwMDAwMDAwLCJkZWxldGUiOjEyMDAwMDAwMDAwMDAsInVwZGF0ZSI6MTIwMDAwMDAwMDAwMH19",
          "dependencies": [
            "aws_vpc.dev"
          ]
        }
      ]
    },
    {
      "mode": "managed",
      "type": "aws_internet_gateway",
      "name": "igw-shared",
      "provider": "provider[\"registry.terraform.io/hashicorp/aws\"]",
      "instances": [
        {
          "schema_version": 0,
          "attributes": {
            "arn": "arn:aws:ec2:us-east-1:975351939056:internet-gateway/igw-060079d0e0f6c0cab",
            "id": "igw-060079d0e0f6c0cab",
            "owner_id": "975351939056",
            "tags": {
              "Name": "shared"
            },
            "tags_all": {
              "Name": "shared"
            },
            "timeouts": null,
            "vpc_id": "vpc-0a5972f448de460b2"
          },
          "sensitive_attributes": [],
          "private": "eyJlMmJmYjczMC1lY2FhLTExZTYtOGY4OC0zNDM2M2JjN2M0YzAiOnsiY3JlYXRlIjoxMjAwMDAwMDAwMDAwLCJkZWxldGUiOjEyMDAwMDAwMDAwMDAsInVwZGF0ZSI6MTIwMDAwMDAwMDAwMH19",
          "dependencies": [
            "aws_vpc.shared"
          ]
        }
      ]
    },
    {
      "mode": "managed",
      "type": "aws_nat_gateway",
      "name": "nat-dev",
      "provider": "provider[\"registry.terraform.io/hashicorp/aws\"]",
      "instances": [
        {
          "schema_version": 0,
          "attributes": {
            "allocation_id": "eipalloc-0fb2b82f92c3bd675",
            "association_id": "eipassoc-0ddd351579cda0ce3",
            "connectivity_type": "public",
            "id": "nat-0b443f04f873243ce",
            "network_interface_id": "eni-0ebb29b341d7a821e",
            "private_ip": "19.1.10.73",
            "public_ip": "54.235.131.176",
            "subnet_id": "subnet-03512aa40b704e5a9",
            "tags": {
              "Name": "nat-dev"
            },
            "tags_all": {
              "Name": "nat-dev"
            }
          },
          "sensitive_attributes": [],
          "private": "bnVsbA==",
          "dependencies": [
            "aws_eip.nat-dev",
            "aws_internet_gateway.igw-dev",
            "aws_subnet.public-dev-1a",
            "aws_vpc.dev"
          ]
        }
      ]
    },
    {
      "mode": "managed",
      "type": "aws_nat_gateway",
      "name": "nat-shared",
      "provider": "provider[\"registry.terraform.io/hashicorp/aws\"]",
      "instances": [
        {
          "schema_version": 0,
          "attributes": {
            "allocation_id": "eipalloc-0675c7671fbde6bf9",
            "association_id": "eipassoc-06ef77e93f9a68dfb",
            "connectivity_type": "public",
            "id": "nat-06a75de92687e963a",
            "network_interface_id": "eni-002f743ad51b0be02",
            "private_ip": "19.0.2.133",
            "public_ip": "52.44.89.204",
            "subnet_id": "subnet-095ed690b9bb9a3cd",
            "tags": {
              "Name": "nat-shared"
            },
            "tags_all": {
              "Name": "nat-shared"
            }
          },
          "sensitive_attributes": [],
          "private": "bnVsbA==",
          "dependencies": [
            "aws_eip.nat-shared",
            "aws_internet_gateway.igw-shared",
            "aws_subnet.public-shared-1a",
            "aws_vpc.shared"
          ]
        }
      ]
    },
    {
      "mode": "managed",
      "type": "aws_route_table",
      "name": "private",
      "provider": "provider[\"registry.terraform.io/hashicorp/aws\"]",
      "instances": [
        {
          "schema_version": 0,
          "attributes": {
            "arn": "arn:aws:ec2:us-east-1:975351939056:route-table/rtb-03497651b8e23410b",
            "id": "rtb-03497651b8e23410b",
            "owner_id": "975351939056",
            "propagating_vgws": [],
            "route": [
              {
                "carrier_gateway_id": "",
                "cidr_block": "0.0.0.0/0",
                "core_network_arn": "",
                "destination_prefix_list_id": "",
                "egress_only_gateway_id": "",
                "gateway_id": "",
                "instance_id": "",
                "ipv6_cidr_block": "",
                "local_gateway_id": "",
                "nat_gateway_id": "nat-0b443f04f873243ce",
                "network_interface_id": "",
                "transit_gateway_id": "",
                "vpc_endpoint_id": "",
                "vpc_peering_connection_id": ""
              }
            ],
            "tags": {
              "Name": "private"
            },
            "tags_all": {
              "Name": "private"
            },
            "timeouts": null,
            "vpc_id": "vpc-01b702edb5051d41e"
          },
          "sensitive_attributes": [],
          "private": "eyJlMmJmYjczMC1lY2FhLTExZTYtOGY4OC0zNDM2M2JjN2M0YzAiOnsiY3JlYXRlIjozMDAwMDAwMDAwMDAsImRlbGV0ZSI6MzAwMDAwMDAwMDAwLCJ1cGRhdGUiOjEyMDAwMDAwMDAwMH19",
          "dependencies": [
            "aws_eip.nat-dev",
            "aws_internet_gateway.igw-dev",
            "aws_nat_gateway.nat-dev",
            "aws_subnet.public-dev-1a",
            "aws_vpc.dev"
          ]
        }
      ]
    },
    {
      "mode": "managed",
      "type": "aws_route_table",
      "name": "private-shared",
      "provider": "provider[\"registry.terraform.io/hashicorp/aws\"]",
      "instances": [
        {
          "schema_version": 0,
          "attributes": {
            "arn": "arn:aws:ec2:us-east-1:975351939056:route-table/rtb-0e106d083da4e789d",
            "id": "rtb-0e106d083da4e789d",
            "owner_id": "975351939056",
            "propagating_vgws": [],
            "route": [
              {
                "carrier_gateway_id": "",
                "cidr_block": "0.0.0.0/0",
                "core_network_arn": "",
                "destination_prefix_list_id": "",
                "egress_only_gateway_id": "",
                "gateway_id": "",
                "instance_id": "",
                "ipv6_cidr_block": "",
                "local_gateway_id": "",
                "nat_gateway_id": "nat-06a75de92687e963a",
                "network_interface_id": "",
                "transit_gateway_id": "",
                "vpc_endpoint_id": "",
                "vpc_peering_connection_id": ""
              }
            ],
            "tags": {
              "Name": "private-shared"
            },
            "tags_all": {
              "Name": "private-shared"
            },
            "timeouts": null,
            "vpc_id": "vpc-0a5972f448de460b2"
          },
          "sensitive_attributes": [],
          "private": "eyJlMmJmYjczMC1lY2FhLTExZTYtOGY4OC0zNDM2M2JjN2M0YzAiOnsiY3JlYXRlIjozMDAwMDAwMDAwMDAsImRlbGV0ZSI6MzAwMDAwMDAwMDAwLCJ1cGRhdGUiOjEyMDAwMDAwMDAwMH19",
          "dependencies": [
            "aws_eip.nat-shared",
            "aws_internet_gateway.igw-shared",
            "aws_nat_gateway.nat-shared",
            "aws_subnet.public-shared-1a",
            "aws_vpc.shared"
          ]
        }
      ]
    },
    {
      "mode": "managed",
      "type": "aws_route_table",
      "name": "public",
      "provider": "provider[\"registry.terraform.io/hashicorp/aws\"]",
      "instances": [
        {
          "schema_version": 0,
          "attributes": {
            "arn": "arn:aws:ec2:us-east-1:975351939056:route-table/rtb-090e40ac0a8c9edf6",
            "id": "rtb-090e40ac0a8c9edf6",
            "owner_id": "975351939056",
            "propagating_vgws": [],
            "route": [
              {
                "carrier_gateway_id": "",
                "cidr_block": "0.0.0.0/0",
                "core_network_arn": "",
                "destination_prefix_list_id": "",
                "egress_only_gateway_id": "",
                "gateway_id": "igw-04c525ee3b2cba3cb",
                "instance_id": "",
                "ipv6_cidr_block": "",
                "local_gateway_id": "",
                "nat_gateway_id": "",
                "network_interface_id": "",
                "transit_gateway_id": "",
                "vpc_endpoint_id": "",
                "vpc_peering_connection_id": ""
              }
            ],
            "tags": {
              "Name": "public"
            },
            "tags_all": {
              "Name": "public"
            },
            "timeouts": null,
            "vpc_id": "vpc-01b702edb5051d41e"
          },
          "sensitive_attributes": [],
          "private": "eyJlMmJmYjczMC1lY2FhLTExZTYtOGY4OC0zNDM2M2JjN2M0YzAiOnsiY3JlYXRlIjozMDAwMDAwMDAwMDAsImRlbGV0ZSI6MzAwMDAwMDAwMDAwLCJ1cGRhdGUiOjEyMDAwMDAwMDAwMH19",
          "dependencies": [
            "aws_internet_gateway.igw-dev",
            "aws_vpc.dev"
          ]
        }
      ]
    },
    {
      "mode": "managed",
      "type": "aws_route_table",
      "name": "public-shared",
      "provider": "provider[\"registry.terraform.io/hashicorp/aws\"]",
      "instances": [
        {
          "schema_version": 0,
          "attributes": {
            "arn": "arn:aws:ec2:us-east-1:975351939056:route-table/rtb-0aea1014609cb5d2a",
            "id": "rtb-0aea1014609cb5d2a",
            "owner_id": "975351939056",
            "propagating_vgws": [],
            "route": [
              {
                "carrier_gateway_id": "",
                "cidr_block": "0.0.0.0/0",
                "core_network_arn": "",
                "destination_prefix_list_id": "",
                "egress_only_gateway_id": "",
                "gateway_id": "igw-060079d0e0f6c0cab",
                "instance_id": "",
                "ipv6_cidr_block": "",
                "local_gateway_id": "",
                "nat_gateway_id": "",
                "network_interface_id": "",
                "transit_gateway_id": "",
                "vpc_endpoint_id": "",
                "vpc_peering_connection_id": ""
              }
            ],
            "tags": {
              "Name": "public-shared"
            },
            "tags_all": {
              "Name": "public-shared"
            },
            "timeouts": null,
            "vpc_id": "vpc-0a5972f448de460b2"
          },
          "sensitive_attributes": [],
          "private": "eyJlMmJmYjczMC1lY2FhLTExZTYtOGY4OC0zNDM2M2JjN2M0YzAiOnsiY3JlYXRlIjozMDAwMDAwMDAwMDAsImRlbGV0ZSI6MzAwMDAwMDAwMDAwLCJ1cGRhdGUiOjEyMDAwMDAwMDAwMH19",
          "dependencies": [
            "aws_internet_gateway.igw-shared",
            "aws_vpc.shared"
          ]
        }
      ]
    },
    {
      "mode": "managed",
      "type": "aws_route_table_association",
      "name": "private-dev-1a",
      "provider": "provider[\"registry.terraform.io/hashicorp/aws\"]",
      "instances": [
        {
          "schema_version": 0,
          "attributes": {
            "gateway_id": "",
            "id": "rtbassoc-05c1baf07a725e180",
            "route_table_id": "rtb-03497651b8e23410b",
            "subnet_id": "subnet-08c45ab4395b087cd",
            "timeouts": null
          },
          "sensitive_attributes": [],
          "private": "eyJlMmJmYjczMC1lY2FhLTExZTYtOGY4OC0zNDM2M2JjN2M0YzAiOnsiY3JlYXRlIjozMDAwMDAwMDAwMDAsImRlbGV0ZSI6MzAwMDAwMDAwMDAwLCJ1cGRhdGUiOjEyMDAwMDAwMDAwMH19",
          "dependencies": [
            "aws_eip.nat-dev",
            "aws_internet_gateway.igw-dev",
            "aws_nat_gateway.nat-dev",
            "aws_route_table.private",
            "aws_subnet.private-dev-1a",
            "aws_subnet.public-dev-1a",
            "aws_vpc.dev"
          ]
        }
      ]
    },
    {
      "mode": "managed",
      "type": "aws_route_table_association",
      "name": "private-dev-1b",
      "provider": "provider[\"registry.terraform.io/hashicorp/aws\"]",
      "instances": [
        {
          "schema_version": 0,
          "attributes": {
            "gateway_id": "",
            "id": "rtbassoc-098e977757da274e5",
            "route_table_id": "rtb-03497651b8e23410b",
            "subnet_id": "subnet-072f8f42690eee285",
            "timeouts": null
          },
          "sensitive_attributes": [],
          "private": "eyJlMmJmYjczMC1lY2FhLTExZTYtOGY4OC0zNDM2M2JjN2M0YzAiOnsiY3JlYXRlIjozMDAwMDAwMDAwMDAsImRlbGV0ZSI6MzAwMDAwMDAwMDAwLCJ1cGRhdGUiOjEyMDAwMDAwMDAwMH19",
          "dependencies": [
            "aws_eip.nat-dev",
            "aws_internet_gateway.igw-dev",
            "aws_nat_gateway.nat-dev",
            "aws_route_table.private",
            "aws_subnet.private-dev-1b",
            "aws_subnet.public-dev-1a",
            "aws_vpc.dev"
          ]
        }
      ]
    },
    {
      "mode": "managed",
      "type": "aws_route_table_association",
      "name": "private-shared-1a",
      "provider": "provider[\"registry.terraform.io/hashicorp/aws\"]",
      "instances": [
        {
          "schema_version": 0,
          "attributes": {
            "gateway_id": "",
            "id": "rtbassoc-0c026b97d97e6580b",
            "route_table_id": "rtb-0e106d083da4e789d",
            "subnet_id": "subnet-04cef11a5557fd08c",
            "timeouts": null
          },
          "sensitive_attributes": [],
          "private": "eyJlMmJmYjczMC1lY2FhLTExZTYtOGY4OC0zNDM2M2JjN2M0YzAiOnsiY3JlYXRlIjozMDAwMDAwMDAwMDAsImRlbGV0ZSI6MzAwMDAwMDAwMDAwLCJ1cGRhdGUiOjEyMDAwMDAwMDAwMH19",
          "dependencies": [
            "aws_eip.nat-shared",
            "aws_internet_gateway.igw-shared",
            "aws_nat_gateway.nat-shared",
            "aws_route_table.private-shared",
            "aws_subnet.private-shared-1a",
            "aws_subnet.public-shared-1a",
            "aws_vpc.shared"
          ]
        }
      ]
    },
    {
      "mode": "managed",
      "type": "aws_route_table_association",
      "name": "public-dev-1a",
      "provider": "provider[\"registry.terraform.io/hashicorp/aws\"]",
      "instances": [
        {
          "schema_version": 0,
          "attributes": {
            "gateway_id": "",
            "id": "rtbassoc-0da835f3017a1c109",
            "route_table_id": "rtb-090e40ac0a8c9edf6",
            "subnet_id": "subnet-03512aa40b704e5a9",
            "timeouts": null
          },
          "sensitive_attributes": [],
          "private": "eyJlMmJmYjczMC1lY2FhLTExZTYtOGY4OC0zNDM2M2JjN2M0YzAiOnsiY3JlYXRlIjozMDAwMDAwMDAwMDAsImRlbGV0ZSI6MzAwMDAwMDAwMDAwLCJ1cGRhdGUiOjEyMDAwMDAwMDAwMH19",
          "dependencies": [
            "aws_internet_gateway.igw-dev",
            "aws_route_table.public",
            "aws_subnet.public-dev-1a",
            "aws_vpc.dev"
          ]
        }
      ]
    },
    {
      "mode": "managed",
      "type": "aws_route_table_association",
      "name": "public-dev-1b",
      "provider": "provider[\"registry.terraform.io/hashicorp/aws\"]",
      "instances": [
        {
          "schema_version": 0,
          "attributes": {
            "gateway_id": "",
            "id": "rtbassoc-01dd2a5669763f5f0",
            "route_table_id": "rtb-090e40ac0a8c9edf6",
            "subnet_id": "subnet-0c7e4baa224c86dba",
            "timeouts": null
          },
          "sensitive_attributes": [],
          "private": "eyJlMmJmYjczMC1lY2FhLTExZTYtOGY4OC0zNDM2M2JjN2M0YzAiOnsiY3JlYXRlIjozMDAwMDAwMDAwMDAsImRlbGV0ZSI6MzAwMDAwMDAwMDAwLCJ1cGRhdGUiOjEyMDAwMDAwMDAwMH19",
          "dependencies": [
            "aws_internet_gateway.igw-dev",
            "aws_route_table.public",
            "aws_subnet.public-dev-1b",
            "aws_vpc.dev"
          ]
        }
      ]
    },
    {
      "mode": "managed",
      "type": "aws_route_table_association",
      "name": "public-shared-1a",
      "provider": "provider[\"registry.terraform.io/hashicorp/aws\"]",
      "instances": [
        {
          "schema_version": 0,
          "attributes": {
            "gateway_id": "",
            "id": "rtbassoc-0aea730e9a7f85cb7",
            "route_table_id": "rtb-0aea1014609cb5d2a",
            "subnet_id": "subnet-095ed690b9bb9a3cd",
            "timeouts": null
          },
          "sensitive_attributes": [],
          "private": "eyJlMmJmYjczMC1lY2FhLTExZTYtOGY4OC0zNDM2M2JjN2M0YzAiOnsiY3JlYXRlIjozMDAwMDAwMDAwMDAsImRlbGV0ZSI6MzAwMDAwMDAwMDAwLCJ1cGRhdGUiOjEyMDAwMDAwMDAwMH19",
          "dependencies": [
            "aws_internet_gateway.igw-shared",
            "aws_route_table.public-shared",
            "aws_subnet.public-shared-1a",
            "aws_vpc.shared"
          ]
        }
      ]
    },
    {
      "mode": "managed",
      "type": "aws_security_group",
      "name": "vpc_link",
      "provider": "provider[\"registry.terraform.io/hashicorp/aws\"]",
      "instances": [
        {
          "schema_version": 1,
          "attributes": {
            "arn": "arn:aws:ec2:us-east-1:975351939056:security-group/sg-015ee151f6b2a3df0",
            "description": "Managed by Terraform",
            "egress": [
              {
                "cidr_blocks": [
                  "0.0.0.0/0"
                ],
                "description": "",
                "from_port": 0,
                "ipv6_cidr_blocks": [],
                "prefix_list_ids": [],
                "protocol": "-1",
                "security_groups": [],
                "self": false,
                "to_port": 0
              }
            ],
            "id": "sg-015ee151f6b2a3df0",
            "ingress": [],
            "name": "vpc-link",
            "name_prefix": "",
            "owner_id": "975351939056",
            "revoke_rules_on_delete": false,
            "tags": null,
            "tags_all": {},
            "timeouts": null,
            "vpc_id": "vpc-01b702edb5051d41e"
          },
          "sensitive_attributes": [],
          "private": "eyJlMmJmYjczMC1lY2FhLTExZTYtOGY4OC0zNDM2M2JjN2M0YzAiOnsiY3JlYXRlIjo2MDAwMDAwMDAwMDAsImRlbGV0ZSI6OTAwMDAwMDAwMDAwfSwic2NoZW1hX3ZlcnNpb24iOiIxIn0="
        }
      ]
    },
    {
      "mode": "managed",
      "type": "aws_subnet",
      "name": "private-dev-1a",
      "provider": "provider[\"registry.terraform.io/hashicorp/aws\"]",
      "instances": [
        {
          "schema_version": 1,
          "attributes": {
            "arn": "arn:aws:ec2:us-east-1:975351939056:subnet/subnet-08c45ab4395b087cd",
            "assign_ipv6_address_on_creation": false,
            "availability_zone": "us-east-1a",
            "availability_zone_id": "use1-az1",
            "cidr_block": "19.1.128.0/20",
            "customer_owned_ipv4_pool": "",
            "enable_dns64": false,
            "enable_lni_at_device_index": 0,
            "enable_resource_name_dns_a_record_on_launch": false,
            "enable_resource_name_dns_aaaa_record_on_launch": false,
            "id": "subnet-08c45ab4395b087cd",
            "ipv6_cidr_block": "",
            "ipv6_cidr_block_association_id": "",
            "ipv6_native": false,
            "map_customer_owned_ip_on_launch": false,
            "map_public_ip_on_launch": false,
            "outpost_arn": "",
            "owner_id": "975351939056",
            "private_dns_hostname_type_on_launch": "ip-name",
            "tags": {
              "Name": "private-dev-1a",
              "kubernetes.io/cluster/demo": "owned",
              "kubernetes.io/role/internal-elb": "1"
            },
            "tags_all": {
              "Name": "private-dev-1a",
              "kubernetes.io/cluster/demo": "owned",
              "kubernetes.io/role/internal-elb": "1"
            },
            "timeouts": null,
            "vpc_id": "vpc-01b702edb5051d41e"
          },
          "sensitive_attributes": [],
          "private": "eyJlMmJmYjczMC1lY2FhLTExZTYtOGY4OC0zNDM2M2JjN2M0YzAiOnsiY3JlYXRlIjo2MDAwMDAwMDAwMDAsImRlbGV0ZSI6MTIwMDAwMDAwMDAwMH0sInNjaGVtYV92ZXJzaW9uIjoiMSJ9",
          "dependencies": [
            "aws_vpc.dev"
          ]
        }
      ]
    },
    {
      "mode": "managed",
      "type": "aws_subnet",
      "name": "private-dev-1b",
      "provider": "provider[\"registry.terraform.io/hashicorp/aws\"]",
      "instances": [
        {
          "schema_version": 1,
          "attributes": {
            "arn": "arn:aws:ec2:us-east-1:975351939056:subnet/subnet-072f8f42690eee285",
            "assign_ipv6_address_on_creation": false,
            "availability_zone": "us-east-1b",
            "availability_zone_id": "use1-az2",
            "cidr_block": "19.1.144.0/20",
            "customer_owned_ipv4_pool": "",
            "enable_dns64": false,
            "enable_lni_at_device_index": 0,
            "enable_resource_name_dns_a_record_on_launch": false,
            "enable_resource_name_dns_aaaa_record_on_launch": false,
            "id": "subnet-072f8f42690eee285",
            "ipv6_cidr_block": "",
            "ipv6_cidr_block_association_id": "",
            "ipv6_native": false,
            "map_customer_owned_ip_on_launch": false,
            "map_public_ip_on_launch": false,
            "outpost_arn": "",
            "owner_id": "975351939056",
            "private_dns_hostname_type_on_launch": "ip-name",
            "tags": {
              "Name": "private-dev-1b",
              "kubernetes.io/cluster/demo": "owned",
              "kubernetes.io/role/internal-elb": "1"
            },
            "tags_all": {
              "Name": "private-dev-1b",
              "kubernetes.io/cluster/demo": "owned",
              "kubernetes.io/role/internal-elb": "1"
            },
            "timeouts": null,
            "vpc_id": "vpc-01b702edb5051d41e"
          },
          "sensitive_attributes": [],
          "private": "eyJlMmJmYjczMC1lY2FhLTExZTYtOGY4OC0zNDM2M2JjN2M0YzAiOnsiY3JlYXRlIjo2MDAwMDAwMDAwMDAsImRlbGV0ZSI6MTIwMDAwMDAwMDAwMH0sInNjaGVtYV92ZXJzaW9uIjoiMSJ9",
          "dependencies": [
            "aws_vpc.dev"
          ]
        }
      ]
    },
    {
      "mode": "managed",
      "type": "aws_subnet",
      "name": "private-shared-1a",
      "provider": "provider[\"registry.terraform.io/hashicorp/aws\"]",
      "instances": [
        {
          "schema_version": 1,
          "attributes": {
            "arn": "arn:aws:ec2:us-east-1:975351939056:subnet/subnet-04cef11a5557fd08c",
            "assign_ipv6_address_on_creation": false,
            "availability_zone": "us-east-1a",
            "availability_zone_id": "use1-az1",
            "cidr_block": "19.0.128.0/20",
            "customer_owned_ipv4_pool": "",
            "enable_dns64": false,
            "enable_lni_at_device_index": 0,
            "enable_resource_name_dns_a_record_on_launch": false,
            "enable_resource_name_dns_aaaa_record_on_launch": false,
            "id": "subnet-04cef11a5557fd08c",
            "ipv6_cidr_block": "",
            "ipv6_cidr_block_association_id": "",
            "ipv6_native": false,
            "map_customer_owned_ip_on_launch": false,
            "map_public_ip_on_launch": true,
            "outpost_arn": "",
            "owner_id": "975351939056",
            "private_dns_hostname_type_on_launch": "ip-name",
            "tags": {
              "Name": "private-shared-1a"
            },
            "tags_all": {
              "Name": "private-shared-1a"
            },
            "timeouts": null,
            "vpc_id": "vpc-0a5972f448de460b2"
          },
          "sensitive_attributes": [],
          "private": "eyJlMmJmYjczMC1lY2FhLTExZTYtOGY4OC0zNDM2M2JjN2M0YzAiOnsiY3JlYXRlIjo2MDAwMDAwMDAwMDAsImRlbGV0ZSI6MTIwMDAwMDAwMDAwMH0sInNjaGVtYV92ZXJzaW9uIjoiMSJ9",
          "dependencies": [
            "aws_vpc.shared"
          ]
        }
      ]
    },
    {
      "mode": "managed",
      "type": "aws_subnet",
      "name": "public-dev-1a",
      "provider": "provider[\"registry.terraform.io/hashicorp/aws\"]",
      "instances": [
        {
          "schema_version": 1,
          "attributes": {
            "arn": "arn:aws:ec2:us-east-1:975351939056:subnet/subnet-03512aa40b704e5a9",
            "assign_ipv6_address_on_creation": false,
            "availability_zone": "us-east-1a",
            "availability_zone_id": "use1-az1",
            "cidr_block": "19.1.0.0/20",
            "customer_owned_ipv4_pool": "",
            "enable_dns64": false,
            "enable_lni_at_device_index": 0,
            "enable_resource_name_dns_a_record_on_launch": false,
            "enable_resource_name_dns_aaaa_record_on_launch": false,
            "id": "subnet-03512aa40b704e5a9",
            "ipv6_cidr_block": "",
            "ipv6_cidr_block_association_id": "",
            "ipv6_native": false,
            "map_customer_owned_ip_on_launch": false,
            "map_public_ip_on_launch": true,
            "outpost_arn": "",
            "owner_id": "975351939056",
            "private_dns_hostname_type_on_launch": "ip-name",
            "tags": {
              "Name": "public-dev-1a",
              "kubernetes.io/cluster/demo": "owned",
              "kubernetes.io/role/elb": "1"
            },
            "tags_all": {
              "Name": "public-dev-1a",
              "kubernetes.io/cluster/demo": "owned",
              "kubernetes.io/role/elb": "1"
            },
            "timeouts": null,
            "vpc_id": "vpc-01b702edb5051d41e"
          },
          "sensitive_attributes": [],
          "private": "eyJlMmJmYjczMC1lY2FhLTExZTYtOGY4OC0zNDM2M2JjN2M0YzAiOnsiY3JlYXRlIjo2MDAwMDAwMDAwMDAsImRlbGV0ZSI6MTIwMDAwMDAwMDAwMH0sInNjaGVtYV92ZXJzaW9uIjoiMSJ9",
          "dependencies": [
            "aws_vpc.dev"
          ]
        }
      ]
    },
    {
      "mode": "managed",
      "type": "aws_subnet",
      "name": "public-dev-1b",
      "provider": "provider[\"registry.terraform.io/hashicorp/aws\"]",
      "instances": [
        {
          "schema_version": 1,
          "attributes": {
            "arn": "arn:aws:ec2:us-east-1:975351939056:subnet/subnet-0c7e4baa224c86dba",
            "assign_ipv6_address_on_creation": false,
            "availability_zone": "us-east-1b",
            "availability_zone_id": "use1-az2",
            "cidr_block": "19.1.16.0/20",
            "customer_owned_ipv4_pool": "",
            "enable_dns64": false,
            "enable_lni_at_device_index": 0,
            "enable_resource_name_dns_a_record_on_launch": false,
            "enable_resource_name_dns_aaaa_record_on_launch": false,
            "id": "subnet-0c7e4baa224c86dba",
            "ipv6_cidr_block": "",
            "ipv6_cidr_block_association_id": "",
            "ipv6_native": false,
            "map_customer_owned_ip_on_launch": false,
            "map_public_ip_on_launch": true,
            "outpost_arn": "",
            "owner_id": "975351939056",
            "private_dns_hostname_type_on_launch": "ip-name",
            "tags": {
              "Name": "public-dev-1b",
              "kubernetes.io/cluster/demo": "owned",
              "kubernetes.io/role/elb": "1"
            },
            "tags_all": {
              "Name": "public-dev-1b",
              "kubernetes.io/cluster/demo": "owned",
              "kubernetes.io/role/elb": "1"
            },
            "timeouts": null,
            "vpc_id": "vpc-01b702edb5051d41e"
          },
          "sensitive_attributes": [],
          "private": "eyJlMmJmYjczMC1lY2FhLTExZTYtOGY4OC0zNDM2M2JjN2M0YzAiOnsiY3JlYXRlIjo2MDAwMDAwMDAwMDAsImRlbGV0ZSI6MTIwMDAwMDAwMDAwMH0sInNjaGVtYV92ZXJzaW9uIjoiMSJ9",
          "dependencies": [
            "aws_vpc.dev"
          ]
        }
      ]
    },
    {
      "mode": "managed",
      "type": "aws_subnet",
      "name": "public-shared-1a",
      "provider": "provider[\"registry.terraform.io/hashicorp/aws\"]",
      "instances": [
        {
          "schema_version": 1,
          "attributes": {
            "arn": "arn:aws:ec2:us-east-1:975351939056:subnet/subnet-095ed690b9bb9a3cd",
            "assign_ipv6_address_on_creation": false,
            "availability_zone": "us-east-1a",
            "availability_zone_id": "use1-az1",
            "cidr_block": "19.0.0.0/20",
            "customer_owned_ipv4_pool": "",
            "enable_dns64": false,
            "enable_lni_at_device_index": 0,
            "enable_resource_name_dns_a_record_on_launch": false,
            "enable_resource_name_dns_aaaa_record_on_launch": false,
            "id": "subnet-095ed690b9bb9a3cd",
            "ipv6_cidr_block": "",
            "ipv6_cidr_block_association_id": "",
            "ipv6_native": false,
            "map_customer_owned_ip_on_launch": false,
            "map_public_ip_on_launch": true,
            "outpost_arn": "",
            "owner_id": "975351939056",
            "private_dns_hostname_type_on_launch": "ip-name",
            "tags": {
              "Name": "public-shared-1a"
            },
            "tags_all": {
              "Name": "public-shared-1a"
            },
            "timeouts": null,
            "vpc_id": "vpc-0a5972f448de460b2"
          },
          "sensitive_attributes": [],
          "private": "eyJlMmJmYjczMC1lY2FhLTExZTYtOGY4OC0zNDM2M2JjN2M0YzAiOnsiY3JlYXRlIjo2MDAwMDAwMDAwMDAsImRlbGV0ZSI6MTIwMDAwMDAwMDAwMH0sInNjaGVtYV92ZXJzaW9uIjoiMSJ9",
          "dependencies": [
            "aws_vpc.shared"
          ]
        }
      ]
    },
    {
      "mode": "managed",
      "type": "aws_vpc",
      "name": "dev",
      "provider": "provider[\"registry.terraform.io/hashicorp/aws\"]",
      "instances": [
        {
          "schema_version": 1,
          "attributes": {
            "arn": "arn:aws:ec2:us-east-1:975351939056:vpc/vpc-01b702edb5051d41e",
            "assign_generated_ipv6_cidr_block": false,
            "cidr_block": "19.1.0.0/16",
            "default_network_acl_id": "acl-0bab841e16dab05fe",
            "default_route_table_id": "rtb-040b4dffc77d9dadd",
            "default_security_group_id": "sg-0bb82b83b6bc31b5c",
            "dhcp_options_id": "dopt-0a5e04d6dcd395df7",
            "enable_classiclink": false,
            "enable_classiclink_dns_support": false,
            "enable_dns_hostnames": false,
            "enable_dns_support": true,
            "enable_network_address_usage_metrics": false,
            "id": "vpc-01b702edb5051d41e",
            "instance_tenancy": "default",
            "ipv4_ipam_pool_id": null,
            "ipv4_netmask_length": null,
            "ipv6_association_id": "",
            "ipv6_cidr_block": "",
            "ipv6_cidr_block_network_border_group": "",
            "ipv6_ipam_pool_id": "",
            "ipv6_netmask_length": 0,
            "main_route_table_id": "rtb-040b4dffc77d9dadd",
            "owner_id": "975351939056",
            "tags": {
              "Name": "dev"
            },
            "tags_all": {
              "Name": "dev"
            }
          },
          "sensitive_attributes": [],
          "private": "eyJzY2hlbWFfdmVyc2lvbiI6IjEifQ=="
        }
      ]
    },
    {
      "mode": "managed",
      "type": "aws_vpc",
      "name": "shared",
      "provider": "provider[\"registry.terraform.io/hashicorp/aws\"]",
      "instances": [
        {
          "schema_version": 1,
          "attributes": {
            "arn": "arn:aws:ec2:us-east-1:975351939056:vpc/vpc-0a5972f448de460b2",
            "assign_generated_ipv6_cidr_block": false,
            "cidr_block": "19.0.0.0/16",
            "default_network_acl_id": "acl-00051f77d2f8f464f",
            "default_route_table_id": "rtb-0e1af59f68c3fd633",
            "default_security_group_id": "sg-005b041564b571300",
            "dhcp_options_id": "dopt-0a5e04d6dcd395df7",
            "enable_classiclink": false,
            "enable_classiclink_dns_support": false,
            "enable_dns_hostnames": false,
            "enable_dns_support": true,
            "enable_network_address_usage_metrics": false,
            "id": "vpc-0a5972f448de460b2",
            "instance_tenancy": "default",
            "ipv4_ipam_pool_id": null,
            "ipv4_netmask_length": null,
            "ipv6_association_id": "",
            "ipv6_cidr_block": "",
            "ipv6_cidr_block_network_border_group": "",
            "ipv6_ipam_pool_id": "",
            "ipv6_netmask_length": 0,
            "main_route_table_id": "rtb-0e1af59f68c3fd633",
            "owner_id": "975351939056",
            "tags": {
              "Name": "shared"
            },
            "tags_all": {
              "Name": "shared"
            }
          },
          "sensitive_attributes": [],
          "private": "eyJzY2hlbWFfdmVyc2lvbiI6IjEifQ=="
        }
      ]
    },
    {
      "mode": "managed",
      "type": "aws_vpc_peering_connection",
      "name": "peer",
      "provider": "provider[\"registry.terraform.io/hashicorp/aws\"]",
      "instances": [
        {
          "schema_version": 0,
          "attributes": {
            "accept_status": "pending-acceptance",
            "accepter": [],
            "auto_accept": null,
            "id": "pcx-042e6e701d08b55ed",
            "peer_owner_id": "975351939056",
            "peer_region": "us-east-1",
            "peer_vpc_id": "vpc-0a5972f448de460b2",
            "requester": [
              {
                "allow_classic_link_to_remote_vpc": false,
                "allow_remote_vpc_dns_resolution": false,
                "allow_vpc_to_remote_classic_link": false
              }
            ],
            "tags": {},
            "tags_all": {},
            "timeouts": null,
            "vpc_id": "vpc-01b702edb5051d41e"
          },
          "sensitive_attributes": [],
          "private": "eyJlMmJmYjczMC1lY2FhLTExZTYtOGY4OC0zNDM2M2JjN2M0YzAiOnsiY3JlYXRlIjo2MDAwMDAwMDAwMCwiZGVsZXRlIjo2MDAwMDAwMDAwMCwidXBkYXRlIjo2MDAwMDAwMDAwMH19",
          "dependencies": [
            "aws_vpc.dev",
            "aws_vpc.shared"
          ]
        }
      ]
    }
  ],
  "check_results": null
}
